// !$*UTF8*$!
{
	archiveVersion = 1;
	classes = {
	};
	objectVersion = 46;
	objects = {

/* Begin PBXBuildFile section */
		E60FC7991D5C2B0F007AE0C3 /* AppDelegate.swift in Sources */ = {isa = PBXBuildFile; fileRef = E60FC7981D5C2B0F007AE0C3 /* AppDelegate.swift */; };
		E60FC79B1D5C2B0F007AE0C3 /* GameScene.sks in Resources */ = {isa = PBXBuildFile; fileRef = E60FC79A1D5C2B0F007AE0C3 /* GameScene.sks */; };
		E60FC79D1D5C2B0F007AE0C3 /* GameScene.swift in Sources */ = {isa = PBXBuildFile; fileRef = E60FC79C1D5C2B0F007AE0C3 /* GameScene.swift */; };
		E60FC79F1D5C2B0F007AE0C3 /* GameViewController.swift in Sources */ = {isa = PBXBuildFile; fileRef = E60FC79E1D5C2B0F007AE0C3 /* GameViewController.swift */; };
		E60FC7A21D5C2B0F007AE0C3 /* Main.storyboard in Resources */ = {isa = PBXBuildFile; fileRef = E60FC7A01D5C2B0F007AE0C3 /* Main.storyboard */; };
		E60FC7A41D5C2B0F007AE0C3 /* Assets.xcassets in Resources */ = {isa = PBXBuildFile; fileRef = E60FC7A31D5C2B0F007AE0C3 /* Assets.xcassets */; };
		E60FC7A71D5C2B0F007AE0C3 /* LaunchScreen.storyboard in Resources */ = {isa = PBXBuildFile; fileRef = E60FC7A51D5C2B0F007AE0C3 /* LaunchScreen.storyboard */; };
		E60FC7C51D5C2B69007AE0C3 /* explosion.caf in Resources */ = {isa = PBXBuildFile; fileRef = E60FC7AF1D5C2B69007AE0C3 /* explosion.caf */; };
		E60FC7C61D5C2B69007AE0C3 /* launch.caf in Resources */ = {isa = PBXBuildFile; fileRef = E60FC7B01D5C2B69007AE0C3 /* launch.caf */; };
		E60FC7C71D5C2B69007AE0C3 /* penguin.png in Resources */ = {isa = PBXBuildFile; fileRef = E60FC7B11D5C2B69007AE0C3 /* penguin.png */; };
		E60FC7C81D5C2B69007AE0C3 /* penguin@2x.png in Resources */ = {isa = PBXBuildFile; fileRef = E60FC7B21D5C2B69007AE0C3 /* penguin@2x.png */; };
		E60FC7C91D5C2B69007AE0C3 /* sliceBackground.png in Resources */ = {isa = PBXBuildFile; fileRef = E60FC7B31D5C2B69007AE0C3 /* sliceBackground.png */; };
		E60FC7CA1D5C2B69007AE0C3 /* sliceBackground@2x.png in Resources */ = {isa = PBXBuildFile; fileRef = E60FC7B41D5C2B69007AE0C3 /* sliceBackground@2x.png */; };
		E60FC7CB1D5C2B69007AE0C3 /* sliceBomb.png in Resources */ = {isa = PBXBuildFile; fileRef = E60FC7B51D5C2B69007AE0C3 /* sliceBomb.png */; };
		E60FC7CC1D5C2B69007AE0C3 /* sliceBomb@2x.png in Resources */ = {isa = PBXBuildFile; fileRef = E60FC7B61D5C2B69007AE0C3 /* sliceBomb@2x.png */; };
		E60FC7CD1D5C2B69007AE0C3 /* sliceBombFuse.caf in Resources */ = {isa = PBXBuildFile; fileRef = E60FC7B71D5C2B69007AE0C3 /* sliceBombFuse.caf */; };
		E60FC7CE1D5C2B69007AE0C3 /* sliceFuse.sks in Resources */ = {isa = PBXBuildFile; fileRef = E60FC7B81D5C2B69007AE0C3 /* sliceFuse.sks */; };
		E60FC7CF1D5C2B69007AE0C3 /* sliceHitBomb.sks in Resources */ = {isa = PBXBuildFile; fileRef = E60FC7B91D5C2B69007AE0C3 /* sliceHitBomb.sks */; };
		E60FC7D01D5C2B69007AE0C3 /* sliceHitEnemy.sks in Resources */ = {isa = PBXBuildFile; fileRef = E60FC7BA1D5C2B69007AE0C3 /* sliceHitEnemy.sks */; };
		E60FC7D11D5C2B69007AE0C3 /* sliceLife.png in Resources */ = {isa = PBXBuildFile; fileRef = E60FC7BB1D5C2B69007AE0C3 /* sliceLife.png */; };
		E60FC7D21D5C2B69007AE0C3 /* sliceLife@2x.png in Resources */ = {isa = PBXBuildFile; fileRef = E60FC7BC1D5C2B69007AE0C3 /* sliceLife@2x.png */; };
		E60FC7D31D5C2B69007AE0C3 /* sliceLifeGone.png in Resources */ = {isa = PBXBuildFile; fileRef = E60FC7BD1D5C2B69007AE0C3 /* sliceLifeGone.png */; };
		E60FC7D41D5C2B69007AE0C3 /* sliceLifeGone@2x.png in Resources */ = {isa = PBXBuildFile; fileRef = E60FC7BE1D5C2B69007AE0C3 /* sliceLifeGone@2x.png */; };
		E60FC7D51D5C2B69007AE0C3 /* spark.png in Resources */ = {isa = PBXBuildFile; fileRef = E60FC7BF1D5C2B69007AE0C3 /* spark.png */; };
		E60FC7D61D5C2B69007AE0C3 /* swoosh1.caf in Resources */ = {isa = PBXBuildFile; fileRef = E60FC7C01D5C2B69007AE0C3 /* swoosh1.caf */; };
		E60FC7D71D5C2B69007AE0C3 /* swoosh2.caf in Resources */ = {isa = PBXBuildFile; fileRef = E60FC7C11D5C2B69007AE0C3 /* swoosh2.caf */; };
		E60FC7D81D5C2B69007AE0C3 /* swoosh3.caf in Resources */ = {isa = PBXBuildFile; fileRef = E60FC7C21D5C2B69007AE0C3 /* swoosh3.caf */; };
		E60FC7D91D5C2B69007AE0C3 /* whack.caf in Resources */ = {isa = PBXBuildFile; fileRef = E60FC7C31D5C2B69007AE0C3 /* whack.caf */; };
		E60FC7DA1D5C2B69007AE0C3 /* wrong.caf in Resources */ = {isa = PBXBuildFile; fileRef = E60FC7C41D5C2B69007AE0C3 /* wrong.caf */; };
		E60FC7DC1D5C34FF007AE0C3 /* Helper.swift in Sources */ = {isa = PBXBuildFile; fileRef = E60FC7DB1D5C34FF007AE0C3 /* Helper.swift */; };
/* End PBXBuildFile section */

/* Begin PBXFileReference section */
		E60FC7951D5C2B0F007AE0C3 /* HWS-project17.app */ = {isa = PBXFileReference; explicitFileType = wrapper.application; includeInIndex = 0; path = "HWS-project17.app"; sourceTree = BUILT_PRODUCTS_DIR; };
		E60FC7981D5C2B0F007AE0C3 /* AppDelegate.swift */ = {isa = PBXFileReference; lastKnownFileType = sourcecode.swift; path = AppDelegate.swift; sourceTree = "<group>"; };
		E60FC79A1D5C2B0F007AE0C3 /* GameScene.sks */ = {isa = PBXFileReference; lastKnownFileType = file.sks; path = GameScene.sks; sourceTree = "<group>"; };
		E60FC79C1D5C2B0F007AE0C3 /* GameScene.swift */ = {isa = PBXFileReference; lastKnownFileType = sourcecode.swift; path = GameScene.swift; sourceTree = "<group>"; };
		E60FC79E1D5C2B0F007AE0C3 /* GameViewController.swift */ = {isa = PBXFileReference; lastKnownFileType = sourcecode.swift; path = GameViewController.swift; sourceTree = "<group>"; };
		E60FC7A11D5C2B0F007AE0C3 /* Base */ = {isa = PBXFileReference; lastKnownFileType = file.storyboard; name = Base; path = Base.lproj/Main.storyboard; sourceTree = "<group>"; };
		E60FC7A31D5C2B0F007AE0C3 /* Assets.xcassets */ = {isa = PBXFileReference; lastKnownFileType = folder.assetcatalog; path = Assets.xcassets; sourceTree = "<group>"; };
		E60FC7A61D5C2B0F007AE0C3 /* Base */ = {isa = PBXFileReference; lastKnownFileType = file.storyboard; name = Base; path = Base.lproj/LaunchScreen.storyboard; sourceTree = "<group>"; };
		E60FC7A81D5C2B0F007AE0C3 /* Info.plist */ = {isa = PBXFileReference; lastKnownFileType = text.plist.xml; path = Info.plist; sourceTree = "<group>"; };
		E60FC7AF1D5C2B69007AE0C3 /* explosion.caf */ = {isa = PBXFileReference; lastKnownFileType = file; path = explosion.caf; sourceTree = "<group>"; };
		E60FC7B01D5C2B69007AE0C3 /* launch.caf */ = {isa = PBXFileReference; lastKnownFileType = file; path = launch.caf; sourceTree = "<group>"; };
		E60FC7B11D5C2B69007AE0C3 /* penguin.png */ = {isa = PBXFileReference; lastKnownFileType = image.png; path = penguin.png; sourceTree = "<group>"; };
		E60FC7B21D5C2B69007AE0C3 /* penguin@2x.png */ = {isa = PBXFileReference; lastKnownFileType = image.png; path = "penguin@2x.png"; sourceTree = "<group>"; };
		E60FC7B31D5C2B69007AE0C3 /* sliceBackground.png */ = {isa = PBXFileReference; lastKnownFileType = image.png; path = sliceBackground.png; sourceTree = "<group>"; };
		E60FC7B41D5C2B69007AE0C3 /* sliceBackground@2x.png */ = {isa = PBXFileReference; lastKnownFileType = image.png; path = "sliceBackground@2x.png"; sourceTree = "<group>"; };
		E60FC7B51D5C2B69007AE0C3 /* sliceBomb.png */ = {isa = PBXFileReference; lastKnownFileType = image.png; path = sliceBomb.png; sourceTree = "<group>"; };
		E60FC7B61D5C2B69007AE0C3 /* sliceBomb@2x.png */ = {isa = PBXFileReference; lastKnownFileType = image.png; path = "sliceBomb@2x.png"; sourceTree = "<group>"; };
		E60FC7B71D5C2B69007AE0C3 /* sliceBombFuse.caf */ = {isa = PBXFileReference; lastKnownFileType = file; path = sliceBombFuse.caf; sourceTree = "<group>"; };
		E60FC7B81D5C2B69007AE0C3 /* sliceFuse.sks */ = {isa = PBXFileReference; lastKnownFileType = file.sks; path = sliceFuse.sks; sourceTree = "<group>"; };
		E60FC7B91D5C2B69007AE0C3 /* sliceHitBomb.sks */ = {isa = PBXFileReference; lastKnownFileType = file.sks; path = sliceHitBomb.sks; sourceTree = "<group>"; };
		E60FC7BA1D5C2B69007AE0C3 /* sliceHitEnemy.sks */ = {isa = PBXFileReference; lastKnownFileType = file.sks; path = sliceHitEnemy.sks; sourceTree = "<group>"; };
		E60FC7BB1D5C2B69007AE0C3 /* sliceLife.png */ = {isa = PBXFileReference; lastKnownFileType = image.png; path = sliceLife.png; sourceTree = "<group>"; };
		E60FC7BC1D5C2B69007AE0C3 /* sliceLife@2x.png */ = {isa = PBXFileReference; lastKnownFileType = image.png; path = "sliceLife@2x.png"; sourceTree = "<group>"; };
		E60FC7BD1D5C2B69007AE0C3 /* sliceLifeGone.png */ = {isa = PBXFileReference; lastKnownFileType = image.png; path = sliceLifeGone.png; sourceTree = "<group>"; };
		E60FC7BE1D5C2B69007AE0C3 /* sliceLifeGone@2x.png */ = {isa = PBXFileReference; lastKnownFileType = image.png; path = "sliceLifeGone@2x.png"; sourceTree = "<group>"; };
		E60FC7BF1D5C2B69007AE0C3 /* spark.png */ = {isa = PBXFileReference; lastKnownFileType = image.png; path = spark.png; sourceTree = "<group>"; };
		E60FC7C01D5C2B69007AE0C3 /* swoosh1.caf */ = {isa = PBXFileReference; lastKnownFileType = file; path = swoosh1.caf; sourceTree = "<group>"; };
		E60FC7C11D5C2B69007AE0C3 /* swoosh2.caf */ = {isa = PBXFileReference; lastKnownFileType = file; path = swoosh2.caf; sourceTree = "<group>"; };
		E60FC7C21D5C2B69007AE0C3 /* swoosh3.caf */ = {isa = PBXFileReference; lastKnownFileType = file; path = swoosh3.caf; sourceTree = "<group>"; };
		E60FC7C31D5C2B69007AE0C3 /* whack.caf */ = {isa = PBXFileReference; lastKnownFileType = file; path = whack.caf; sourceTree = "<group>"; };
		E60FC7C41D5C2B69007AE0C3 /* wrong.caf */ = {isa = PBXFileReference; lastKnownFileType = file; path = wrong.caf; sourceTree = "<group>"; };
		E60FC7DB1D5C34FF007AE0C3 /* Helper.swift */ = {isa = PBXFileReference; fileEncoding = 4; lastKnownFileType = sourcecode.swift; path = Helper.swift; sourceTree = "<group>"; };
/* End PBXFileReference section */

/* Begin PBXFrameworksBuildPhase section */
		E60FC7921D5C2B0F007AE0C3 /* Frameworks */ = {
			isa = PBXFrameworksBuildPhase;
			buildActionMask = 2147483647;
			files = (
			);
			runOnlyForDeploymentPostprocessing = 0;
		};
/* End PBXFrameworksBuildPhase section */

/* Begin PBXGroup section */
		E60FC78C1D5C2B0F007AE0C3 = {
			isa = PBXGroup;
			children = (
				E60FC7971D5C2B0F007AE0C3 /* HWS-project17 */,
				E60FC7961D5C2B0F007AE0C3 /* Products */,
			);
			sourceTree = "<group>";
		};
		E60FC7961D5C2B0F007AE0C3 /* Products */ = {
			isa = PBXGroup;
			children = (
				E60FC7951D5C2B0F007AE0C3 /* HWS-project17.app */,
			);
			name = Products;
			sourceTree = "<group>";
		};
		E60FC7971D5C2B0F007AE0C3 /* HWS-project17 */ = {
			isa = PBXGroup;
			children = (
				E60FC7981D5C2B0F007AE0C3 /* AppDelegate.swift */,
				E60FC79A1D5C2B0F007AE0C3 /* GameScene.sks */,
				E60FC79C1D5C2B0F007AE0C3 /* GameScene.swift */,
				E60FC79E1D5C2B0F007AE0C3 /* GameViewController.swift */,
				E60FC7A01D5C2B0F007AE0C3 /* Main.storyboard */,
				E60FC7A31D5C2B0F007AE0C3 /* Assets.xcassets */,
				E60FC7A51D5C2B0F007AE0C3 /* LaunchScreen.storyboard */,
				E60FC7A81D5C2B0F007AE0C3 /* Info.plist */,
				E60FC7AE1D5C2B69007AE0C3 /* Content */,
			);
			path = "HWS-project17";
			sourceTree = "<group>";
		};
		E60FC7AE1D5C2B69007AE0C3 /* Content */ = {
			isa = PBXGroup;
			children = (
				E60FC7DB1D5C34FF007AE0C3 /* Helper.swift */,
				E60FC7AF1D5C2B69007AE0C3 /* explosion.caf */,
				E60FC7B01D5C2B69007AE0C3 /* launch.caf */,
				E60FC7B11D5C2B69007AE0C3 /* penguin.png */,
				E60FC7B21D5C2B69007AE0C3 /* penguin@2x.png */,
				E60FC7B31D5C2B69007AE0C3 /* sliceBackground.png */,
				E60FC7B41D5C2B69007AE0C3 /* sliceBackground@2x.png */,
				E60FC7B51D5C2B69007AE0C3 /* sliceBomb.png */,
				E60FC7B61D5C2B69007AE0C3 /* sliceBomb@2x.png */,
				E60FC7B71D5C2B69007AE0C3 /* sliceBombFuse.caf */,
				E60FC7B81D5C2B69007AE0C3 /* sliceFuse.sks */,
				E60FC7B91D5C2B69007AE0C3 /* sliceHitBomb.sks */,
				E60FC7BA1D5C2B69007AE0C3 /* sliceHitEnemy.sks */,
				E60FC7BB1D5C2B69007AE0C3 /* sliceLife.png */,
				E60FC7BC1D5C2B69007AE0C3 /* sliceLife@2x.png */,
				E60FC7BD1D5C2B69007AE0C3 /* sliceLifeGone.png */,
				E60FC7BE1D5C2B69007AE0C3 /* sliceLifeGone@2x.png */,
				E60FC7BF1D5C2B69007AE0C3 /* spark.png */,
				E60FC7C01D5C2B69007AE0C3 /* swoosh1.caf */,
				E60FC7C11D5C2B69007AE0C3 /* swoosh2.caf */,
				E60FC7C21D5C2B69007AE0C3 /* swoosh3.caf */,
				E60FC7C31D5C2B69007AE0C3 /* whack.caf */,
				E60FC7C41D5C2B69007AE0C3 /* wrong.caf */,
			);
			path = Content;
			sourceTree = "<group>";
		};
/* End PBXGroup section */

/* Begin PBXNativeTarget section */
		E60FC7941D5C2B0F007AE0C3 /* HWS-project17 */ = {
			isa = PBXNativeTarget;
			buildConfigurationList = E60FC7AB1D5C2B0F007AE0C3 /* Build configuration list for PBXNativeTarget "HWS-project17" */;
			buildPhases = (
				E60FC7911D5C2B0F007AE0C3 /* Sources */,
				E60FC7921D5C2B0F007AE0C3 /* Frameworks */,
				E60FC7931D5C2B0F007AE0C3 /* Resources */,
			);
			buildRules = (
			);
			dependencies = (
			);
			name = "HWS-project17";
			productName = "HWS-project17";
			productReference = E60FC7951D5C2B0F007AE0C3 /* HWS-project17.app */;
			productType = "com.apple.product-type.application";
		};
/* End PBXNativeTarget section */

/* Begin PBXProject section */
		E60FC78D1D5C2B0F007AE0C3 /* Project object */ = {
			isa = PBXProject;
			attributes = {
				LastSwiftUpdateCheck = 0730;
				LastUpgradeCheck = 0730;
				ORGANIZATIONNAME = "Nikema Prophet";
				TargetAttributes = {
					E60FC7941D5C2B0F007AE0C3 = {
						CreatedOnToolsVersion = 7.3;
					};
				};
			};
			buildConfigurationList = E60FC7901D5C2B0F007AE0C3 /* Build configuration list for PBXProject "HWS-project17" */;
			compatibilityVersion = "Xcode 3.2";
			developmentRegion = English;
			hasScannedForEncodings = 0;
			knownRegions = (
				en,
				Base,
			);
			mainGroup = E60FC78C1D5C2B0F007AE0C3;
			productRefGroup = E60FC7961D5C2B0F007AE0C3 /* Products */;
			projectDirPath = "";
			projectRoot = "";
			targets = (
				E60FC7941D5C2B0F007AE0C3 /* HWS-project17 */,
			);
		};
/* End PBXProject section */

/* Begin PBXResourcesBuildPhase section */
		E60FC7931D5C2B0F007AE0C3 /* Resources */ = {
			isa = PBXResourcesBuildPhase;
			buildActionMask = 2147483647;
			files = (
				E60FC7C91D5C2B69007AE0C3 /* sliceBackground.png in Resources */,
				E60FC7CC1D5C2B69007AE0C3 /* sliceBomb@2x.png in Resources */,
				E60FC7CA1D5C2B69007AE0C3 /* sliceBackground@2x.png in Resources */,
				E60FC7D01D5C2B69007AE0C3 /* sliceHitEnemy.sks in Resources */,
				E60FC7C71D5C2B69007AE0C3 /* penguin.png in Resources */,
				E60FC7CD1D5C2B69007AE0C3 /* sliceBombFuse.caf in Resources */,
				E60FC7D91D5C2B69007AE0C3 /* whack.caf in Resources */,
				E60FC7CE1D5C2B69007AE0C3 /* sliceFuse.sks in Resources */,
				E60FC7C81D5C2B69007AE0C3 /* penguin@2x.png in Resources */,
				E60FC79B1D5C2B0F007AE0C3 /* GameScene.sks in Resources */,
				E60FC7C61D5C2B69007AE0C3 /* launch.caf in Resources */,
				E60FC7D51D5C2B69007AE0C3 /* spark.png in Resources */,
				E60FC7DA1D5C2B69007AE0C3 /* wrong.caf in Resources */,
				E60FC7CF1D5C2B69007AE0C3 /* sliceHitBomb.sks in Resources */,
				E60FC7CB1D5C2B69007AE0C3 /* sliceBomb.png in Resources */,
				E60FC7D31D5C2B69007AE0C3 /* sliceLifeGone.png in Resources */,
				E60FC7A71D5C2B0F007AE0C3 /* LaunchScreen.storyboard in Resources */,
				E60FC7D61D5C2B69007AE0C3 /* swoosh1.caf in Resources */,
				E60FC7D41D5C2B69007AE0C3 /* sliceLifeGone@2x.png in Resources */,
				E60FC7D81D5C2B69007AE0C3 /* swoosh3.caf in Resources */,
				E60FC7D21D5C2B69007AE0C3 /* sliceLife@2x.png in Resources */,
				E60FC7D71D5C2B69007AE0C3 /* swoosh2.caf in Resources */,
				E60FC7C51D5C2B69007AE0C3 /* explosion.caf in Resources */,
				E60FC7A41D5C2B0F007AE0C3 /* Assets.xcassets in Resources */,
				E60FC7A21D5C2B0F007AE0C3 /* Main.storyboard in Resources */,
				E60FC7D11D5C2B69007AE0C3 /* sliceLife.png in Resources */,
			);
			runOnlyForDeploymentPostprocessing = 0;
		};
/* End PBXResourcesBuildPhase section */

/* Begin PBXSourcesBuildPhase section */
		E60FC7911D5C2B0F007AE0C3 /* Sources */ = {
			isa = PBXSourcesBuildPhase;
			buildActionMask = 2147483647;
			files = (
				E60FC79D1D5C2B0F007AE0C3 /* GameScene.swift in Sources */,
				E60FC79F1D5C2B0F007AE0C3 /* GameViewController.swift in Sources */,
				E60FC7991D5C2B0F007AE0C3 /* AppDelegate.swift in Sources */,
				E60FC7DC1D5C34FF007AE0C3 /* Helper.swift in Sources */,
			);
			runOnlyForDeploymentPostprocessing = 0;
		};
/* End PBXSourcesBuildPhase section */

/* Begin PBXVariantGroup section */
		E60FC7A01D5C2B0F007AE0C3 /* Main.storyboard */ = {
			isa = PBXVariantGroup;
			children = (
				E60FC7A11D5C2B0F007AE0C3 /* Base */,
			);
			name = Main.storyboard;
			sourceTree = "<group>";
		};
		E60FC7A51D5C2B0F007AE0C3 /* LaunchScreen.storyboard */ = {
			isa = PBXVariantGroup;
			children = (
				E60FC7A61D5C2B0F007AE0C3 /* Base */,
			);
			name = LaunchScreen.storyboard;
			sourceTree = "<group>";
		};
/* End PBXVariantGroup section */

/* Begin XCBuildConfiguration section */
		E60FC7A91D5C2B0F007AE0C3 /* Debug */ = {
			isa = XCBuildConfiguration;
			buildSettings = {
				ALWAYS_SEARCH_USER_PATHS = NO;
				CLANG_ANALYZER_NONNULL = YES;
				CLANG_CXX_LANGUAGE_STANDARD = "gnu++0x";
				CLANG_CXX_LIBRARY = "libc++";
				CLANG_ENABLE_MODULES = YES;
				CLANG_ENABLE_OBJC_ARC = YES;
				CLANG_WARN_BOOL_CONVERSION = YES;
				CLANG_WARN_CONSTANT_CONVERSION = YES;
				CLANG_WARN_DIRECT_OBJC_ISA_USAGE = YES_ERROR;
				CLANG_WARN_EMPTY_BODY = YES;
				CLANG_WARN_ENUM_CONVERSION = YES;
				CLANG_WARN_INT_CONVERSION = YES;
				CLANG_WARN_OBJC_ROOT_CLASS = YES_ERROR;
				CLANG_WARN_UNREACHABLE_CODE = YES;
				CLANG_WARN__DUPLICATE_METHOD_MATCH = YES;
				"CODE_SIGN_IDENTITY[sdk=iphoneos*]" = "iPhone Developer";
				COPY_PHASE_STRIP = NO;
				DEBUG_INFORMATION_FORMAT = "dwarf-with-dsym";
				ENABLE_STRICT_OBJC_MSGSEND = YES;
				ENABLE_TESTABILITY = YES;
				GCC_C_LANGUAGE_STANDARD = gnu99;
				GCC_DYNAMIC_NO_PIC = NO;
				GCC_NO_COMMON_BLOCKS = YES;
				GCC_OPTIMIZATION_LEVEL = 0;
				GCC_PREPROCESSOR_DEFINITIONS = (
					"DEBUG=1",
					"$(inherited)",
				);
				GCC_WARN_64_TO_32_BIT_CONVERSION = YES;
				GCC_WARN_ABOUT_RETURN_TYPE = YES_ERROR;
				GCC_WARN_UNDECLARED_SELECTOR = YES;
				GCC_WARN_UNINITIALIZED_AUTOS = YES_AGGRESSIVE;
				GCC_WARN_UNUSED_FUNCTION = YES;
				GCC_WARN_UNUSED_VARIABLE = YES;
				IPHONEOS_DEPLOYMENT_TARGET = 9.3;
				MTL_ENABLE_DEBUG_INFO = YES;
				ONLY_ACTIVE_ARCH = YES;
				SDKROOT = iphoneos;
				SWIFT_OPTIMIZATION_LEVEL = "-Onone";
			};
			name = Debug;
		};
		E60FC7AA1D5C2B0F007AE0C3 /* Release */ = {
			isa = XCBuildConfiguration;
			buildSettings = {
				ALWAYS_SEARCH_USER_PATHS = NO;
				CLANG_ANALYZER_NONNULL = YES;
				CLANG_CXX_LANGUAGE_STANDARD = "gnu++0x";
				CLANG_CXX_LIBRARY = "libc++";
				CLANG_ENABLE_MODULES = YES;
				CLANG_ENABLE_OBJC_ARC = YES;
				CLANG_WARN_BOOL_CONVERSION = YES;
				CLANG_WARN_CONSTANT_CONVERSION = YES;
				CLANG_WARN_DIRECT_OBJC_ISA_USAGE = YES_ERROR;
				CLANG_WARN_EMPTY_BODY = YES;
				CLANG_WARN_ENUM_CONVERSION = YES;
				CLANG_WARN_INT_CONVERSION = YES;
				CLANG_WARN_OBJC_ROOT_CLASS = YES_ERROR;
				CLANG_WARN_UNREACHABLE_CODE = YES;
				CLANG_WARN__DUPLICATE_METHOD_MATCH = YES;
				"CODE_SIGN_IDENTITY[sdk=iphoneos*]" = "iPhone Developer";
				COPY_PHASE_STRIP = NO;
				DEBUG_INFORMATION_FORMAT = "dwarf-with-dsym";
				ENABLE_NS_ASSERTIONS = NO;
				ENABLE_STRICT_OBJC_MSGSEND = YES;
				GCC_C_LANGUAGE_STANDARD = gnu99;
				GCC_NO_COMMON_BLOCKS = YES;
				GCC_WARN_64_TO_32_BIT_CONVERSION = YES;
				GCC_WARN_ABOUT_RETURN_TYPE = YES_ERROR;
				GCC_WARN_UNDECLARED_SELECTOR = YES;
				GCC_WARN_UNINITIALIZED_AUTOS = YES_AGGRESSIVE;
				GCC_WARN_UNUSED_FUNCTION = YES;
				GCC_WARN_UNUSED_VARIABLE = YES;
				IPHONEOS_DEPLOYMENT_TARGET = 9.3;
				MTL_ENABLE_DEBUG_INFO = NO;
				SDKROOT = iphoneos;
				VALIDATE_PRODUCT = YES;
			};
			name = Release;
		};
		E60FC7AC1D5C2B0F007AE0C3 /* Debug */ = {
			isa = XCBuildConfiguration;
			buildSettings = {
				ASSETCATALOG_COMPILER_APPICON_NAME = AppIcon;
				INFOPLIST_FILE = "HWS-project17/Info.plist";
				LD_RUNPATH_SEARCH_PATHS = "$(inherited) @executable_path/Frameworks";
				PRODUCT_BUNDLE_IDENTIFIER = "io.github.prophen.HWS-project17";
				PRODUCT_NAME = "$(TARGET_NAME)";
				TARGETED_DEVICE_FAMILY = 2;
			};
			name = Debug;
		};
		E60FC7AD1D5C2B0F007AE0C3 /* Release */ = {
			isa = XCBuildConfiguration;
			buildSettings = {
				ASSETCATALOG_COMPILER_APPICON_NAME = AppIcon;
				INFOPLIST_FILE = "HWS-project17/Info.plist";
				LD_RUNPATH_SEARCH_PATHS = "$(inherited) @executable_path/Frameworks";
				PRODUCT_BUNDLE_IDENTIFIER = "io.github.prophen.HWS-project17";
				PRODUCT_NAME = "$(TARGET_NAME)";
				TARGETED_DEVICE_FAMILY = 2;
			};
			name = Release;
		};
/* End XCBuildConfiguration section */

/* Begin XCConfigurationList section */
		E60FC7901D5C2B0F007AE0C3 /* Build configuration list for PBXProject "HWS-project17" */ = {
			isa = XCConfigurationList;
			buildConfigurations = (
				E60FC7A91D5C2B0F007AE0C3 /* Debug */,
				E60FC7AA1D5C2B0F007AE0C3 /* Release */,
			);
			defaultConfigurationIsVisible = 0;
			defaultConfigurationName = Release;
		};
		E60FC7AB1D5C2B0F007AE0C3 /* Build configuration list for PBXNativeTarget "HWS-project17" */ = {
			isa = XCConfigurationList;
			buildConfigurations = (
				E60FC7AC1D5C2B0F007AE0C3 /* Debug */,
				E60FC7AD1D5C2B0F007AE0C3 /* Release */,
			);
			defaultConfigurationIsVisible = 0;
		};
/* End XCConfigurationList section */
	};
	rootObject = E60FC78D1D5C2B0F007AE0C3 /* Project object */;
}
